
Microsoft Visual Studio Solution File, Format Version 12.00
# Visual Studio Version 17
VisualStudioVersion = 17.14.37111.16 d17.14
MinimumVisualStudioVersion = 10.0.40219.1
Project("{FAE04EC0-301F-11D3-BF4B-00C04F79EFBC}") = "Project_", "Project_\Project_.csproj", "{C304CF22-C9CB-4550-B215-A5D4EE2AA178}"
EndProject
Global
	GlobalSection(SolutionConfigurationPlatforms) = preSolution
		Debug|Any CPU = Debug|Any CPU
		Release|Any CPU = Release|Any CPU
	EndGlobalSection
	GlobalSection(ProjectConfigurationPlatforms) = postSolution
		{C304CF22-C9CB-4550-B215-A5D4EE2AA178}.Debug|Any CPU.ActiveCfg = Debug|Any CPU
		{C304CF22-C9CB-4550-B215-A5D4EE2AA178}.Debug|Any CPU.Build.0 = Debug|Any CPU
		{C304CF22-C9CB-4550-B215-A5D4EE2AA178}.Release|Any CPU.ActiveCfg = Release|Any CPU
		{C304CF22-C9CB-4550-B215-A5D4EE2AA178}.Release|Any CPU.Build.0 = Release|Any CPU
	EndGlobalSection
	GlobalSection(SolutionProperties) = preSolution
		HideSolutionNode = FALSE
	EndGlobalSection
	GlobalSection(ExtensibilityGlobals) = postSolution
		SolutionGuid = {545C421A-233B-4392-8ED6-756788FA057E}
	EndGlobalSection
EndGlobal
